
Microsoft Visual Studio Solution File, Format Version 12.00
# Visual Studio Version 16
VisualStudioVersion = 16.0.30413.136
MinimumVisualStudioVersion = 10.0.40219.1
Project("{FAE04EC0-301F-11D3-BF4B-00C04F79EFBC}") = "WpfApp_MailClient", "WpfApp_MailClient\WpfApp_MailClient.csproj", "{7ED26FAB-7534-4DDB-8329-11B31276527F}"
EndProject
Global
	GlobalSection(SolutionConfigurationPlatforms) = preSolution
		Debug|Any CPU = Debug|Any CPU
		Release|Any CPU = Release|Any CPU
	EndGlobalSection
	GlobalSection(ProjectConfigurationPlatforms) = postSolution
		{7ED26FAB-7534-4DDB-8329-11B31276527F}.Debug|Any CPU.ActiveCfg = Debug|Any CPU
		{7ED26FAB-7534-4DDB-8329-11B31276527F}.Debug|Any CPU.Build.0 = Debug|Any CPU
		{7ED26FAB-7534-4DDB-8329-11B31276527F}.Release|Any CPU.ActiveCfg = Release|Any CPU
		{7ED26FAB-7534-4DDB-8329-11B31276527F}.Release|Any CPU.Build.0 = Release|Any CPU
	EndGlobalSection
	GlobalSection(SolutionProperties) = preSolution
		HideSolutionNode = FALSE
	EndGlobalSection
	GlobalSection(ExtensibilityGlobals) = postSolution
		SolutionGuid = {CF7326A0-A2E6-4816-99BE-2B9C0F2CE54A}
	EndGlobalSection
EndGlobal
